// !$*UTF8*$!
{
	archiveVersion = 1;
	classes = {
	};
	objectVersion = 55;
	objects = {

/* Begin PBXBuildFile section */
		391F078B28210EE300B5EAFB /* CategoryView.swift in Sources */ = {isa = PBXBuildFile; fileRef = 391F078A28210EE300B5EAFB /* CategoryView.swift */; };
		391F078D2821253100B5EAFB /* MapView.swift in Sources */ = {isa = PBXBuildFile; fileRef = 391F078C2821253100B5EAFB /* MapView.swift */; };
		391F078F282127FC00B5EAFB /* PickerView.swift in Sources */ = {isa = PBXBuildFile; fileRef = 391F078E282127FC00B5EAFB /* PickerView.swift */; };
		3925A294281D30F0009387CF /* SwiftUIGuideBookApp.swift in Sources */ = {isa = PBXBuildFile; fileRef = 3925A293281D30F0009387CF /* SwiftUIGuideBookApp.swift */; };
		3925A296281D30F0009387CF /* ContentView.swift in Sources */ = {isa = PBXBuildFile; fileRef = 3925A295281D30F0009387CF /* ContentView.swift */; };
		3925A298281D30F0009387CF /* Assets.xcassets in Resources */ = {isa = PBXBuildFile; fileRef = 3925A297281D30F0009387CF /* Assets.xcassets */; };
		3925A29B281D30F0009387CF /* Preview Assets.xcassets in Resources */ = {isa = PBXBuildFile; fileRef = 3925A29A281D30F0009387CF /* Preview Assets.xcassets */; };
		3925A2A5281D322F009387CF /* ComponentView.swift in Sources */ = {isa = PBXBuildFile; fileRef = 3925A2A4281D322E009387CF /* ComponentView.swift */; };
		3925A2A7281D3239009387CF /* TipView.swift in Sources */ = {isa = PBXBuildFile; fileRef = 3925A2A6281D3239009387CF /* TipView.swift */; };
		395DCF392827F26200751060 /* ComponentDetailView.swift in Sources */ = {isa = PBXBuildFile; fileRef = 395DCF382827F26200751060 /* ComponentDetailView.swift */; };
		395DCF3B2828030800751060 /* AlertSample.swift in Sources */ = {isa = PBXBuildFile; fileRef = 395DCF3A2828030800751060 /* AlertSample.swift */; };
		395DCF3D2828038700751060 /* ActionSheetSample.swift in Sources */ = {isa = PBXBuildFile; fileRef = 395DCF3C2828038700751060 /* ActionSheetSample.swift */; };
		395DCF3F2828041B00751060 /* ActivityViewSample.swift in Sources */ = {isa = PBXBuildFile; fileRef = 395DCF3E2828041B00751060 /* ActivityViewSample.swift */; };
		395DCF41282804ED00751060 /* SheetSample.swift in Sources */ = {isa = PBXBuildFile; fileRef = 395DCF40282804ED00751060 /* SheetSample.swift */; };
		395DCF432828051600751060 /* FullScreenCoverSample.swift in Sources */ = {isa = PBXBuildFile; fileRef = 395DCF422828051600751060 /* FullScreenCoverSample.swift */; };
		395DCF452828054C00751060 /* IndicatorSample.swift in Sources */ = {isa = PBXBuildFile; fileRef = 395DCF442828054C00751060 /* IndicatorSample.swift */; };
		395DCF472828056B00751060 /* ProgressBarSample.swift in Sources */ = {isa = PBXBuildFile; fileRef = 395DCF462828056B00751060 /* ProgressBarSample.swift */; };
		39626653282567C60000C75F /* CodeEditorView in Frameworks */ = {isa = PBXBuildFile; productRef = 39626652282567C60000C75F /* CodeEditorView */; };
		396500BC281FBA2300220927 /* ComponentData.swift in Sources */ = {isa = PBXBuildFile; fileRef = 396500BB281FBA2300220927 /* ComponentData.swift */; };
		39EC13B52827A46100FF1CB0 /* ComponentProtocol.swift in Sources */ = {isa = PBXBuildFile; fileRef = 39EC13B42827A46100FF1CB0 /* ComponentProtocol.swift */; };
		39EC13BA2827A72900FF1CB0 /* Alert.swift in Sources */ = {isa = PBXBuildFile; fileRef = 39EC13B92827A72900FF1CB0 /* Alert.swift */; };
		39EC13BC2827AC0F00FF1CB0 /* ComponentDetailCollection.swift in Sources */ = {isa = PBXBuildFile; fileRef = 39EC13BB2827AC0F00FF1CB0 /* ComponentDetailCollection.swift */; };
		39EC13BE2827AF8400FF1CB0 /* ActionSheet.swift in Sources */ = {isa = PBXBuildFile; fileRef = 39EC13BD2827AF8400FF1CB0 /* ActionSheet.swift */; };
		39EC13C02827B10300FF1CB0 /* ActivityView.swift in Sources */ = {isa = PBXBuildFile; fileRef = 39EC13BF2827B10300FF1CB0 /* ActivityView.swift */; };
		39EC13C22827B92500FF1CB0 /* Sheet.swift in Sources */ = {isa = PBXBuildFile; fileRef = 39EC13C12827B92500FF1CB0 /* Sheet.swift */; };
		39EC13C42827B9D900FF1CB0 /* FullScreenCover.swift in Sources */ = {isa = PBXBuildFile; fileRef = 39EC13C32827B9D900FF1CB0 /* FullScreenCover.swift */; };
		39EC13C62827BA7A00FF1CB0 /* Indicator.swift in Sources */ = {isa = PBXBuildFile; fileRef = 39EC13C52827BA7A00FF1CB0 /* Indicator.swift */; };
		39EC13C82827BAE400FF1CB0 /* ProgressBar.swift in Sources */ = {isa = PBXBuildFile; fileRef = 39EC13C72827BAE400FF1CB0 /* ProgressBar.swift */; };
		39EC13CB2827BCDF00FF1CB0 /* SwiftCodeEditor.swift in Sources */ = {isa = PBXBuildFile; fileRef = 39EC13CA2827BCDF00FF1CB0 /* SwiftCodeEditor.swift */; };
		39F6EE0E2820CB1C0059C657 /* SearchView.swift in Sources */ = {isa = PBXBuildFile; fileRef = 39F6EE0D2820CB1C0059C657 /* SearchView.swift */; };
/* End PBXBuildFile section */

/* Begin PBXFileReference section */
		391F078A28210EE300B5EAFB /* CategoryView.swift */ = {isa = PBXFileReference; lastKnownFileType = sourcecode.swift; path = CategoryView.swift; sourceTree = "<group>"; };
		391F078C2821253100B5EAFB /* MapView.swift */ = {isa = PBXFileReference; lastKnownFileType = sourcecode.swift; path = MapView.swift; sourceTree = "<group>"; };
		391F078E282127FC00B5EAFB /* PickerView.swift */ = {isa = PBXFileReference; lastKnownFileType = sourcecode.swift; path = PickerView.swift; sourceTree = "<group>"; };
		3925A290281D30F0009387CF /* SwiftUIGuideBook.app */ = {isa = PBXFileReference; explicitFileType = wrapper.application; includeInIndex = 0; path = SwiftUIGuideBook.app; sourceTree = BUILT_PRODUCTS_DIR; };
		3925A293281D30F0009387CF /* SwiftUIGuideBookApp.swift */ = {isa = PBXFileReference; lastKnownFileType = sourcecode.swift; path = SwiftUIGuideBookApp.swift; sourceTree = "<group>"; };
		3925A295281D30F0009387CF /* ContentView.swift */ = {isa = PBXFileReference; lastKnownFileType = sourcecode.swift; path = ContentView.swift; sourceTree = "<group>"; };
		3925A297281D30F0009387CF /* Assets.xcassets */ = {isa = PBXFileReference; lastKnownFileType = folder.assetcatalog; path = Assets.xcassets; sourceTree = "<group>"; };
		3925A29A281D30F0009387CF /* Preview Assets.xcassets */ = {isa = PBXFileReference; lastKnownFileType = folder.assetcatalog; path = "Preview Assets.xcassets"; sourceTree = "<group>"; };
		3925A2A4281D322E009387CF /* ComponentView.swift */ = {isa = PBXFileReference; lastKnownFileType = sourcecode.swift; path = ComponentView.swift; sourceTree = "<group>"; };
		3925A2A6281D3239009387CF /* TipView.swift */ = {isa = PBXFileReference; lastKnownFileType = sourcecode.swift; path = TipView.swift; sourceTree = "<group>"; };
		395DCF382827F26200751060 /* ComponentDetailView.swift */ = {isa = PBXFileReference; lastKnownFileType = sourcecode.swift; path = ComponentDetailView.swift; sourceTree = "<group>"; };
		395DCF3A2828030800751060 /* AlertSample.swift */ = {isa = PBXFileReference; lastKnownFileType = sourcecode.swift; path = AlertSample.swift; sourceTree = "<group>"; };
		395DCF3C2828038700751060 /* ActionSheetSample.swift */ = {isa = PBXFileReference; lastKnownFileType = sourcecode.swift; path = ActionSheetSample.swift; sourceTree = "<group>"; };
		395DCF3E2828041B00751060 /* ActivityViewSample.swift */ = {isa = PBXFileReference; lastKnownFileType = sourcecode.swift; path = ActivityViewSample.swift; sourceTree = "<group>"; };
		395DCF40282804ED00751060 /* SheetSample.swift */ = {isa = PBXFileReference; lastKnownFileType = sourcecode.swift; path = SheetSample.swift; sourceTree = "<group>"; };
		395DCF422828051600751060 /* FullScreenCoverSample.swift */ = {isa = PBXFileReference; lastKnownFileType = sourcecode.swift; path = FullScreenCoverSample.swift; sourceTree = "<group>"; };
		395DCF442828054C00751060 /* IndicatorSample.swift */ = {isa = PBXFileReference; lastKnownFileType = sourcecode.swift; path = IndicatorSample.swift; sourceTree = "<group>"; };
		395DCF462828056B00751060 /* ProgressBarSample.swift */ = {isa = PBXFileReference; lastKnownFileType = sourcecode.swift; path = ProgressBarSample.swift; sourceTree = "<group>"; };
		396500BB281FBA2300220927 /* ComponentData.swift */ = {isa = PBXFileReference; lastKnownFileType = sourcecode.swift; path = ComponentData.swift; sourceTree = "<group>"; };
		39EC13B42827A46100FF1CB0 /* ComponentProtocol.swift */ = {isa = PBXFileReference; lastKnownFileType = sourcecode.swift; path = ComponentProtocol.swift; sourceTree = "<group>"; };
		39EC13B92827A72900FF1CB0 /* Alert.swift */ = {isa = PBXFileReference; lastKnownFileType = sourcecode.swift; path = Alert.swift; sourceTree = "<group>"; };
		39EC13BB2827AC0F00FF1CB0 /* ComponentDetailCollection.swift */ = {isa = PBXFileReference; lastKnownFileType = sourcecode.swift; path = ComponentDetailCollection.swift; sourceTree = "<group>"; };
		39EC13BD2827AF8400FF1CB0 /* ActionSheet.swift */ = {isa = PBXFileReference; lastKnownFileType = sourcecode.swift; path = ActionSheet.swift; sourceTree = "<group>"; };
		39EC13BF2827B10300FF1CB0 /* ActivityView.swift */ = {isa = PBXFileReference; lastKnownFileType = sourcecode.swift; path = ActivityView.swift; sourceTree = "<group>"; };
		39EC13C12827B92500FF1CB0 /* Sheet.swift */ = {isa = PBXFileReference; lastKnownFileType = sourcecode.swift; path = Sheet.swift; sourceTree = "<group>"; };
		39EC13C32827B9D900FF1CB0 /* FullScreenCover.swift */ = {isa = PBXFileReference; lastKnownFileType = sourcecode.swift; path = FullScreenCover.swift; sourceTree = "<group>"; };
		39EC13C52827BA7A00FF1CB0 /* Indicator.swift */ = {isa = PBXFileReference; lastKnownFileType = sourcecode.swift; path = Indicator.swift; sourceTree = "<group>"; };
		39EC13C72827BAE400FF1CB0 /* ProgressBar.swift */ = {isa = PBXFileReference; lastKnownFileType = sourcecode.swift; path = ProgressBar.swift; sourceTree = "<group>"; };
		39EC13CA2827BCDF00FF1CB0 /* SwiftCodeEditor.swift */ = {isa = PBXFileReference; lastKnownFileType = sourcecode.swift; path = SwiftCodeEditor.swift; sourceTree = "<group>"; };
		39F6EE0D2820CB1C0059C657 /* SearchView.swift */ = {isa = PBXFileReference; lastKnownFileType = sourcecode.swift; path = SearchView.swift; sourceTree = "<group>"; };
/* End PBXFileReference section */

/* Begin PBXFrameworksBuildPhase section */
		3925A28D281D30F0009387CF /* Frameworks */ = {
			isa = PBXFrameworksBuildPhase;
			buildActionMask = 2147483647;
			files = (
				39626653282567C60000C75F /* CodeEditorView in Frameworks */,
			);
			runOnlyForDeploymentPostprocessing = 0;
		};
/* End PBXFrameworksBuildPhase section */

/* Begin PBXGroup section */
		3925A287281D30EF009387CF = {
			isa = PBXGroup;
			children = (
				3925A292281D30F0009387CF /* SwiftUIGuideBook */,
				3925A291281D30F0009387CF /* Products */,
			);
			sourceTree = "<group>";
		};
		3925A291281D30F0009387CF /* Products */ = {
			isa = PBXGroup;
			children = (
				3925A290281D30F0009387CF /* SwiftUIGuideBook.app */,
			);
			name = Products;
			sourceTree = "<group>";
		};
		3925A292281D30F0009387CF /* SwiftUIGuideBook */ = {
			isa = PBXGroup;
			children = (
				39EC13CC2827C03A00FF1CB0 /* System */,
				39EC13B32827A44600FF1CB0 /* Model */,
				39EC13B62827A71000FF1CB0 /* ComponentDetail */,
				39EC13C92827BCCF00FF1CB0 /* Helper */,
				396500BB281FBA2300220927 /* ComponentData.swift */,
				3925A2A1281D3200009387CF /* Views */,
				3925A295281D30F0009387CF /* ContentView.swift */,
				3925A297281D30F0009387CF /* Assets.xcassets */,
				3925A299281D30F0009387CF /* Preview Content */,
			);
			path = SwiftUIGuideBook;
			sourceTree = "<group>";
		};
		3925A299281D30F0009387CF /* Preview Content */ = {
			isa = PBXGroup;
			children = (
				3925A29A281D30F0009387CF /* Preview Assets.xcassets */,
			);
			path = "Preview Content";
			sourceTree = "<group>";
		};
		3925A2A1281D3200009387CF /* Views */ = {
			isa = PBXGroup;
			children = (
				3925A2A2281D3207009387CF /* ComponentView */,
				3925A2A3281D321A009387CF /* TipView */,
			);
			path = Views;
			sourceTree = "<group>";
		};
		3925A2A2281D3207009387CF /* ComponentView */ = {
			isa = PBXGroup;
			children = (
				3925A2A4281D322E009387CF /* ComponentView.swift */,
				395DCF3A2828030800751060 /* AlertSample.swift */,
				395DCF3C2828038700751060 /* ActionSheetSample.swift */,
				395DCF3E2828041B00751060 /* ActivityViewSample.swift */,
				395DCF40282804ED00751060 /* SheetSample.swift */,
				395DCF422828051600751060 /* FullScreenCoverSample.swift */,
				395DCF442828054C00751060 /* IndicatorSample.swift */,
				395DCF462828056B00751060 /* ProgressBarSample.swift */,
			);
			path = ComponentView;
			sourceTree = "<group>";
		};
		3925A2A3281D321A009387CF /* TipView */ = {
			isa = PBXGroup;
			children = (
				3925A2A6281D3239009387CF /* TipView.swift */,
				391F078A28210EE300B5EAFB /* CategoryView.swift */,
				39F6EE0D2820CB1C0059C657 /* SearchView.swift */,
				391F078C2821253100B5EAFB /* MapView.swift */,
				391F078E282127FC00B5EAFB /* PickerView.swift */,
			);
			path = TipView;
			sourceTree = "<group>";
		};
		39EC13B32827A44600FF1CB0 /* Model */ = {
			isa = PBXGroup;
			children = (
				39EC13B42827A46100FF1CB0 /* ComponentProtocol.swift */,
				39EC13BB2827AC0F00FF1CB0 /* ComponentDetailCollection.swift */,
			);
			path = Model;
			sourceTree = "<group>";
		};
		39EC13B62827A71000FF1CB0 /* ComponentDetail */ = {
			isa = PBXGroup;
			children = (
				39EC13B92827A72900FF1CB0 /* Alert.swift */,
				39EC13BD2827AF8400FF1CB0 /* ActionSheet.swift */,
				39EC13BF2827B10300FF1CB0 /* ActivityView.swift */,
				39EC13C12827B92500FF1CB0 /* Sheet.swift */,
				39EC13C32827B9D900FF1CB0 /* FullScreenCover.swift */,
				39EC13C52827BA7A00FF1CB0 /* Indicator.swift */,
				39EC13C72827BAE400FF1CB0 /* ProgressBar.swift */,
				395DCF382827F26200751060 /* ComponentDetailView.swift */,
			);
			path = ComponentDetail;
			sourceTree = "<group>";
		};
		39EC13C92827BCCF00FF1CB0 /* Helper */ = {
			isa = PBXGroup;
			children = (
				39EC13CA2827BCDF00FF1CB0 /* SwiftCodeEditor.swift */,
			);
			path = Helper;
			sourceTree = "<group>";
		};
		39EC13CC2827C03A00FF1CB0 /* System */ = {
			isa = PBXGroup;
			children = (
				3925A293281D30F0009387CF /* SwiftUIGuideBookApp.swift */,
			);
			path = System;
			sourceTree = "<group>";
		};
/* End PBXGroup section */

/* Begin PBXNativeTarget section */
		3925A28F281D30F0009387CF /* SwiftUIGuideBook */ = {
			isa = PBXNativeTarget;
			buildConfigurationList = 3925A29E281D30F0009387CF /* Build configuration list for PBXNativeTarget "SwiftUIGuideBook" */;
			buildPhases = (
				3925A28C281D30F0009387CF /* Sources */,
				3925A28D281D30F0009387CF /* Frameworks */,
				3925A28E281D30F0009387CF /* Resources */,
			);
			buildRules = (
			);
			dependencies = (
			);
			name = SwiftUIGuideBook;
			packageProductDependencies = (
				39626652282567C60000C75F /* CodeEditorView */,
			);
			productName = SwiftUIGuideBook;
			productReference = 3925A290281D30F0009387CF /* SwiftUIGuideBook.app */;
			productType = "com.apple.product-type.application";
		};
/* End PBXNativeTarget section */

/* Begin PBXProject section */
		3925A288281D30EF009387CF /* Project object */ = {
			isa = PBXProject;
			attributes = {
				BuildIndependentTargetsInParallel = 1;
				LastSwiftUpdateCheck = 1330;
				LastUpgradeCheck = 1330;
				TargetAttributes = {
					3925A28F281D30F0009387CF = {
						CreatedOnToolsVersion = 13.3;
					};
				};
			};
			buildConfigurationList = 3925A28B281D30EF009387CF /* Build configuration list for PBXProject "SwiftUIGuideBook" */;
			compatibilityVersion = "Xcode 13.0";
			developmentRegion = en;
			hasScannedForEncodings = 0;
			knownRegions = (
				en,
				Base,
			);
			mainGroup = 3925A287281D30EF009387CF;
			packageReferences = (
				39626651282567C60000C75F /* XCRemoteSwiftPackageReference "CodeEditorView" */,
			);
			productRefGroup = 3925A291281D30F0009387CF /* Products */;
			projectDirPath = "";
			projectRoot = "";
			targets = (
				3925A28F281D30F0009387CF /* SwiftUIGuideBook */,
			);
		};
/* End PBXProject section */

/* Begin PBXResourcesBuildPhase section */
		3925A28E281D30F0009387CF /* Resources */ = {
			isa = PBXResourcesBuildPhase;
			buildActionMask = 2147483647;
			files = (
				3925A29B281D30F0009387CF /* Preview Assets.xcassets in Resources */,
				3925A298281D30F0009387CF /* Assets.xcassets in Resources */,
			);
			runOnlyForDeploymentPostprocessing = 0;
		};
/* End PBXResourcesBuildPhase section */

/* Begin PBXSourcesBuildPhase section */
		3925A28C281D30F0009387CF /* Sources */ = {
			isa = PBXSourcesBuildPhase;
			buildActionMask = 2147483647;
			files = (
				39EC13C22827B92500FF1CB0 /* Sheet.swift in Sources */,
				395DCF452828054C00751060 /* IndicatorSample.swift in Sources */,
				39EC13BE2827AF8400FF1CB0 /* ActionSheet.swift in Sources */,
				39EC13C42827B9D900FF1CB0 /* FullScreenCover.swift in Sources */,
				395DCF472828056B00751060 /* ProgressBarSample.swift in Sources */,
				3925A2A7281D3239009387CF /* TipView.swift in Sources */,
				39EC13CB2827BCDF00FF1CB0 /* SwiftCodeEditor.swift in Sources */,
				395DCF3F2828041B00751060 /* ActivityViewSample.swift in Sources */,
				395DCF392827F26200751060 /* ComponentDetailView.swift in Sources */,
				39EC13C82827BAE400FF1CB0 /* ProgressBar.swift in Sources */,
				391F078D2821253100B5EAFB /* MapView.swift in Sources */,
				391F078F282127FC00B5EAFB /* PickerView.swift in Sources */,
				39EC13C62827BA7A00FF1CB0 /* Indicator.swift in Sources */,
				395DCF3B2828030800751060 /* AlertSample.swift in Sources */,
				395DCF3D2828038700751060 /* ActionSheetSample.swift in Sources */,
				39EC13B52827A46100FF1CB0 /* ComponentProtocol.swift in Sources */,
				39EC13BC2827AC0F00FF1CB0 /* ComponentDetailCollection.swift in Sources */,
				395DCF432828051600751060 /* FullScreenCoverSample.swift in Sources */,
				395DCF41282804ED00751060 /* SheetSample.swift in Sources */,
				391F078B28210EE300B5EAFB /* CategoryView.swift in Sources */,
				396500BC281FBA2300220927 /* ComponentData.swift in Sources */,
				3925A296281D30F0009387CF /* ContentView.swift in Sources */,
				3925A294281D30F0009387CF /* SwiftUIGuideBookApp.swift in Sources */,
				39EC13BA2827A72900FF1CB0 /* Alert.swift in Sources */,
				39EC13C02827B10300FF1CB0 /* ActivityView.swift in Sources */,
				39F6EE0E2820CB1C0059C657 /* SearchView.swift in Sources */,
				3925A2A5281D322F009387CF /* ComponentView.swift in Sources */,
			);
			runOnlyForDeploymentPostprocessing = 0;
		};
/* End PBXSourcesBuildPhase section */

/* Begin XCBuildConfiguration section */
		3925A29C281D30F0009387CF /* Debug */ = {
			isa = XCBuildConfiguration;
			buildSettings = {
				ALWAYS_SEARCH_USER_PATHS = NO;
				CLANG_ANALYZER_NONNULL = YES;
				CLANG_ANALYZER_NUMBER_OBJECT_CONVERSION = YES_AGGRESSIVE;
				CLANG_CXX_LANGUAGE_STANDARD = "gnu++17";
				CLANG_ENABLE_MODULES = YES;
				CLANG_ENABLE_OBJC_ARC = YES;
				CLANG_ENABLE_OBJC_WEAK = YES;
				CLANG_WARN_BLOCK_CAPTURE_AUTORELEASING = YES;
				CLANG_WARN_BOOL_CONVERSION = YES;
				CLANG_WARN_COMMA = YES;
				CLANG_WARN_CONSTANT_CONVERSION = YES;
				CLANG_WARN_DEPRECATED_OBJC_IMPLEMENTATIONS = YES;
				CLANG_WARN_DIRECT_OBJC_ISA_USAGE = YES_ERROR;
				CLANG_WARN_DOCUMENTATION_COMMENTS = YES;
				CLANG_WARN_EMPTY_BODY = YES;
				CLANG_WARN_ENUM_CONVERSION = YES;
				CLANG_WARN_INFINITE_RECURSION = YES;
				CLANG_WARN_INT_CONVERSION = YES;
				CLANG_WARN_NON_LITERAL_NULL_CONVERSION = YES;
				CLANG_WARN_OBJC_IMPLICIT_RETAIN_SELF = YES;
				CLANG_WARN_OBJC_LITERAL_CONVERSION = YES;
				CLANG_WARN_OBJC_ROOT_CLASS = YES_ERROR;
				CLANG_WARN_QUOTED_INCLUDE_IN_FRAMEWORK_HEADER = YES;
				CLANG_WARN_RANGE_LOOP_ANALYSIS = YES;
				CLANG_WARN_STRICT_PROTOTYPES = YES;
				CLANG_WARN_SUSPICIOUS_MOVE = YES;
				CLANG_WARN_UNGUARDED_AVAILABILITY = YES_AGGRESSIVE;
				CLANG_WARN_UNREACHABLE_CODE = YES;
				CLANG_WARN__DUPLICATE_METHOD_MATCH = YES;
				COPY_PHASE_STRIP = NO;
				DEBUG_INFORMATION_FORMAT = dwarf;
				ENABLE_STRICT_OBJC_MSGSEND = YES;
				ENABLE_TESTABILITY = YES;
				GCC_C_LANGUAGE_STANDARD = gnu11;
				GCC_DYNAMIC_NO_PIC = NO;
				GCC_NO_COMMON_BLOCKS = YES;
				GCC_OPTIMIZATION_LEVEL = 0;
				GCC_PREPROCESSOR_DEFINITIONS = (
					"DEBUG=1",
					"$(inherited)",
				);
				GCC_WARN_64_TO_32_BIT_CONVERSION = YES;
				GCC_WARN_ABOUT_RETURN_TYPE = YES_ERROR;
				GCC_WARN_UNDECLARED_SELECTOR = YES;
				GCC_WARN_UNINITIALIZED_AUTOS = YES_AGGRESSIVE;
				GCC_WARN_UNUSED_FUNCTION = YES;
				GCC_WARN_UNUSED_VARIABLE = YES;
				IPHONEOS_DEPLOYMENT_TARGET = 15.4;
				MTL_ENABLE_DEBUG_INFO = INCLUDE_SOURCE;
				MTL_FAST_MATH = YES;
				ONLY_ACTIVE_ARCH = YES;
				SDKROOT = iphoneos;
				SWIFT_ACTIVE_COMPILATION_CONDITIONS = DEBUG;
				SWIFT_OPTIMIZATION_LEVEL = "-Onone";
			};
			name = Debug;
		};
		3925A29D281D30F0009387CF /* Release */ = {
			isa = XCBuildConfiguration;
			buildSettings = {
				ALWAYS_SEARCH_USER_PATHS = NO;
				CLANG_ANALYZER_NONNULL = YES;
				CLANG_ANALYZER_NUMBER_OBJECT_CONVERSION = YES_AGGRESSIVE;
				CLANG_CXX_LANGUAGE_STANDARD = "gnu++17";
				CLANG_ENABLE_MODULES = YES;
				CLANG_ENABLE_OBJC_ARC = YES;
				CLANG_ENABLE_OBJC_WEAK = YES;
				CLANG_WARN_BLOCK_CAPTURE_AUTORELEASING = YES;
				CLANG_WARN_BOOL_CONVERSION = YES;
				CLANG_WARN_COMMA = YES;
				CLANG_WARN_CONSTANT_CONVERSION = YES;
				CLANG_WARN_DEPRECATED_OBJC_IMPLEMENTATIONS = YES;
				CLANG_WARN_DIRECT_OBJC_ISA_USAGE = YES_ERROR;
				CLANG_WARN_DOCUMENTATION_COMMENTS = YES;
				CLANG_WARN_EMPTY_BODY = YES;
				CLANG_WARN_ENUM_CONVERSION = YES;
				CLANG_WARN_INFINITE_RECURSION = YES;
				CLANG_WARN_INT_CONVERSION = YES;
				CLANG_WARN_NON_LITERAL_NULL_CONVERSION = YES;
				CLANG_WARN_OBJC_IMPLICIT_RETAIN_SELF = YES;
				CLANG_WARN_OBJC_LITERAL_CONVERSION = YES;
				CLANG_WARN_OBJC_ROOT_CLASS = YES_ERROR;
				CLANG_WARN_QUOTED_INCLUDE_IN_FRAMEWORK_HEADER = YES;
				CLANG_WARN_RANGE_LOOP_ANALYSIS = YES;
				CLANG_WARN_STRICT_PROTOTYPES = YES;
				CLANG_WARN_SUSPICIOUS_MOVE = YES;
				CLANG_WARN_UNGUARDED_AVAILABILITY = YES_AGGRESSIVE;
				CLANG_WARN_UNREACHABLE_CODE = YES;
				CLANG_WARN__DUPLICATE_METHOD_MATCH = YES;
				COPY_PHASE_STRIP = NO;
				DEBUG_INFORMATION_FORMAT = "dwarf-with-dsym";
				ENABLE_NS_ASSERTIONS = NO;
				ENABLE_STRICT_OBJC_MSGSEND = YES;
				GCC_C_LANGUAGE_STANDARD = gnu11;
				GCC_NO_COMMON_BLOCKS = YES;
				GCC_WARN_64_TO_32_BIT_CONVERSION = YES;
				GCC_WARN_ABOUT_RETURN_TYPE = YES_ERROR;
				GCC_WARN_UNDECLARED_SELECTOR = YES;
				GCC_WARN_UNINITIALIZED_AUTOS = YES_AGGRESSIVE;
				GCC_WARN_UNUSED_FUNCTION = YES;
				GCC_WARN_UNUSED_VARIABLE = YES;
				IPHONEOS_DEPLOYMENT_TARGET = 15.4;
				MTL_ENABLE_DEBUG_INFO = NO;
				MTL_FAST_MATH = YES;
				SDKROOT = iphoneos;
				SWIFT_COMPILATION_MODE = wholemodule;
				SWIFT_OPTIMIZATION_LEVEL = "-O";
				VALIDATE_PRODUCT = YES;
			};
			name = Release;
		};
		3925A29F281D30F0009387CF /* Debug */ = {
			isa = XCBuildConfiguration;
			buildSettings = {
				ASSETCATALOG_COMPILER_APPICON_NAME = AppIcon;
				ASSETCATALOG_COMPILER_GLOBAL_ACCENT_COLOR_NAME = AccentColor;
				CODE_SIGN_STYLE = Automatic;
				CURRENT_PROJECT_VERSION = 1;
				DEVELOPMENT_ASSET_PATHS = "\"SwiftUIGuideBook/Preview Content\"";
				DEVELOPMENT_TEAM = HF8GHZB58X;
				ENABLE_PREVIEWS = YES;
				GENERATE_INFOPLIST_FILE = YES;
				INFOPLIST_KEY_UIApplicationSceneManifest_Generation = YES;
				INFOPLIST_KEY_UIApplicationSupportsIndirectInputEvents = YES;
				INFOPLIST_KEY_UILaunchScreen_Generation = YES;
				INFOPLIST_KEY_UISupportedInterfaceOrientations_iPad = "UIInterfaceOrientationPortrait UIInterfaceOrientationPortraitUpsideDown UIInterfaceOrientationLandscapeLeft UIInterfaceOrientationLandscapeRight";
				INFOPLIST_KEY_UISupportedInterfaceOrientations_iPhone = "UIInterfaceOrientationPortrait UIInterfaceOrientationLandscapeLeft UIInterfaceOrientationLandscapeRight";
				LD_RUNPATH_SEARCH_PATHS = (
					"$(inherited)",
					"@executable_path/Frameworks",
				);
				MARKETING_VERSION = 1.0;
				PRODUCT_BUNDLE_IDENTIFIER = mingwan.SwiftUIGuideBook;
				PRODUCT_NAME = "$(TARGET_NAME)";
				SWIFT_EMIT_LOC_STRINGS = YES;
				SWIFT_VERSION = 5.0;
				TARGETED_DEVICE_FAMILY = "1,2";
			};
			name = Debug;
		};
		3925A2A0281D30F0009387CF /* Release */ = {
			isa = XCBuildConfiguration;
			buildSettings = {
				ASSETCATALOG_COMPILER_APPICON_NAME = AppIcon;
				ASSETCATALOG_COMPILER_GLOBAL_ACCENT_COLOR_NAME = AccentColor;
				CODE_SIGN_STYLE = Automatic;
				CURRENT_PROJECT_VERSION = 1;
				DEVELOPMENT_ASSET_PATHS = "\"SwiftUIGuideBook/Preview Content\"";
				DEVELOPMENT_TEAM = HF8GHZB58X;
				ENABLE_PREVIEWS = YES;
				GENERATE_INFOPLIST_FILE = YES;
				INFOPLIST_KEY_UIApplicationSceneManifest_Generation = YES;
				INFOPLIST_KEY_UIApplicationSupportsIndirectInputEvents = YES;
				INFOPLIST_KEY_UILaunchScreen_Generation = YES;
				INFOPLIST_KEY_UISupportedInterfaceOrientations_iPad = "UIInterfaceOrientationPortrait UIInterfaceOrientationPortraitUpsideDown UIInterfaceOrientationLandscapeLeft UIInterfaceOrientationLandscapeRight";
				INFOPLIST_KEY_UISupportedInterfaceOrientations_iPhone = "UIInterfaceOrientationPortrait UIInterfaceOrientationLandscapeLeft UIInterfaceOrientationLandscapeRight";
				LD_RUNPATH_SEARCH_PATHS = (
					"$(inherited)",
					"@executable_path/Frameworks",
				);
				MARKETING_VERSION = 1.0;
				PRODUCT_BUNDLE_IDENTIFIER = mingwan.SwiftUIGuideBook;
				PRODUCT_NAME = "$(TARGET_NAME)";
				SWIFT_EMIT_LOC_STRINGS = YES;
				SWIFT_VERSION = 5.0;
				TARGETED_DEVICE_FAMILY = "1,2";
			};
			name = Release;
		};
/* End XCBuildConfiguration section */

/* Begin XCConfigurationList section */
		3925A28B281D30EF009387CF /* Build configuration list for PBXProject "SwiftUIGuideBook" */ = {
			isa = XCConfigurationList;
			buildConfigurations = (
				3925A29C281D30F0009387CF /* Debug */,
				3925A29D281D30F0009387CF /* Release */,
			);
			defaultConfigurationIsVisible = 0;
			defaultConfigurationName = Release;
		};
		3925A29E281D30F0009387CF /* Build configuration list for PBXNativeTarget "SwiftUIGuideBook" */ = {
			isa = XCConfigurationList;
			buildConfigurations = (
				3925A29F281D30F0009387CF /* Debug */,
				3925A2A0281D30F0009387CF /* Release */,
			);
			defaultConfigurationIsVisible = 0;
			defaultConfigurationName = Release;
		};
/* End XCConfigurationList section */

/* Begin XCRemoteSwiftPackageReference section */
		39626651282567C60000C75F /* XCRemoteSwiftPackageReference "CodeEditorView" */ = {
			isa = XCRemoteSwiftPackageReference;
			repositoryURL = "https://github.com/mchakravarty/CodeEditorView.git";
			requirement = {
				kind = upToNextMajorVersion;
				minimumVersion = 0.9.0;
			};
		};
/* End XCRemoteSwiftPackageReference section */

/* Begin XCSwiftPackageProductDependency section */
		39626652282567C60000C75F /* CodeEditorView */ = {
			isa = XCSwiftPackageProductDependency;
			package = 39626651282567C60000C75F /* XCRemoteSwiftPackageReference "CodeEditorView" */;
			productName = CodeEditorView;
		};
/* End XCSwiftPackageProductDependency section */
	};
	rootObject = 3925A288281D30EF009387CF /* Project object */;
}
