// !$*UTF8*$!
{
	archiveVersion = 1;
	classes = {
	};
	objectVersion = 55;
	objects = {

/* Begin PBXBuildFile section */
		3925A294281D30F0009387CF /* SwiftUIGuideBookApp.swift in Sources */ = {isa = PBXBuildFile; fileRef = 3925A293281D30F0009387CF /* SwiftUIGuideBookApp.swift */; };
		3925A296281D30F0009387CF /* ContentView.swift in Sources */ = {isa = PBXBuildFile; fileRef = 3925A295281D30F0009387CF /* ContentView.swift */; };
		3925A298281D30F0009387CF /* Assets.xcassets in Resources */ = {isa = PBXBuildFile; fileRef = 3925A297281D30F0009387CF /* Assets.xcassets */; };
		3925A29B281D30F0009387CF /* Preview Assets.xcassets in Resources */ = {isa = PBXBuildFile; fileRef = 3925A29A281D30F0009387CF /* Preview Assets.xcassets */; };
		3925A2A5281D322F009387CF /* ComponentView.swift in Sources */ = {isa = PBXBuildFile; fileRef = 3925A2A4281D322E009387CF /* ComponentView.swift */; };
		3925A2A7281D3239009387CF /* TipView.swift in Sources */ = {isa = PBXBuildFile; fileRef = 3925A2A6281D3239009387CF /* TipView.swift */; };
		396500BC281FBA2300220927 /* ComponentData.swift in Sources */ = {isa = PBXBuildFile; fileRef = 396500BB281FBA2300220927 /* ComponentData.swift */; };
/* End PBXBuildFile section */

/* Begin PBXFileReference section */
		3925A290281D30F0009387CF /* SwiftUIGuideBook.app */ = {isa = PBXFileReference; explicitFileType = wrapper.application; includeInIndex = 0; path = SwiftUIGuideBook.app; sourceTree = BUILT_PRODUCTS_DIR; };
		3925A293281D30F0009387CF /* SwiftUIGuideBookApp.swift */ = {isa = PBXFileReference; lastKnownFileType = sourcecode.swift; path = SwiftUIGuideBookApp.swift; sourceTree = "<group>"; };
		3925A295281D30F0009387CF /* ContentView.swift */ = {isa = PBXFileReference; lastKnownFileType = sourcecode.swift; path = ContentView.swift; sourceTree = "<group>"; };
		3925A297281D30F0009387CF /* Assets.xcassets */ = {isa = PBXFileReference; lastKnownFileType = folder.assetcatalog; path = Assets.xcassets; sourceTree = "<group>"; };
		3925A29A281D30F0009387CF /* Preview Assets.xcassets */ = {isa = PBXFileReference; lastKnownFileType = folder.assetcatalog; path = "Preview Assets.xcassets"; sourceTree = "<group>"; };
		3925A2A4281D322E009387CF /* ComponentView.swift */ = {isa = PBXFileReference; lastKnownFileType = sourcecode.swift; path = ComponentView.swift; sourceTree = "<group>"; };
		3925A2A6281D3239009387CF /* TipView.swift */ = {isa = PBXFileReference; lastKnownFileType = sourcecode.swift; path = TipView.swift; sourceTree = "<group>"; };
		396500BB281FBA2300220927 /* ComponentData.swift */ = {isa = PBXFileReference; lastKnownFileType = sourcecode.swift; path = ComponentData.swift; sourceTree = "<group>"; };
/* End PBXFileReference section */

/* Begin PBXFrameworksBuildPhase section */
		3925A28D281D30F0009387CF /* Frameworks */ = {
			isa = PBXFrameworksBuildPhase;
			buildActionMask = 2147483647;
			files = (
			);
			runOnlyForDeploymentPostprocessing = 0;
		};
/* End PBXFrameworksBuildPhase section */

/* Begin PBXGroup section */
		3925A287281D30EF009387CF = {
			isa = PBXGroup;
			children = (
				3925A292281D30F0009387CF /* SwiftUIGuideBook */,
				3925A291281D30F0009387CF /* Products */,
			);
			sourceTree = "<group>";
		};
		3925A291281D30F0009387CF /* Products */ = {
			isa = PBXGroup;
			children = (
				3925A290281D30F0009387CF /* SwiftUIGuideBook.app */,
			);
			name = Products;
			sourceTree = "<group>";
		};
		3925A292281D30F0009387CF /* SwiftUIGuideBook */ = {
			isa = PBXGroup;
			children = (
				396500BB281FBA2300220927 /* ComponentData.swift */,
				3925A2A1281D3200009387CF /* Views */,
				3925A293281D30F0009387CF /* SwiftUIGuideBookApp.swift */,
				3925A295281D30F0009387CF /* ContentView.swift */,
				3925A297281D30F0009387CF /* Assets.xcassets */,
				3925A299281D30F0009387CF /* Preview Content */,
			);
			path = SwiftUIGuideBook;
			sourceTree = "<group>";
		};
		3925A299281D30F0009387CF /* Preview Content */ = {
			isa = PBXGroup;
			children = (
				3925A29A281D30F0009387CF /* Preview Assets.xcassets */,
			);
			path = "Preview Content";
			sourceTree = "<group>";
		};
		3925A2A1281D3200009387CF /* Views */ = {
			isa = PBXGroup;
			children = (
				3925A2A2281D3207009387CF /* ComponentView */,
				3925A2A3281D321A009387CF /* TipView */,
			);
			path = Views;
			sourceTree = "<group>";
		};
		3925A2A2281D3207009387CF /* ComponentView */ = {
			isa = PBXGroup;
			children = (
				3925A2A4281D322E009387CF /* ComponentView.swift */,
			);
			path = ComponentView;
			sourceTree = "<group>";
		};
		3925A2A3281D321A009387CF /* TipView */ = {
			isa = PBXGroup;
			children = (
				3925A2A6281D3239009387CF /* TipView.swift */,
			);
			path = TipView;
			sourceTree = "<group>";
		};
/* End PBXGroup section */

/* Begin PBXNativeTarget section */
		3925A28F281D30F0009387CF /* SwiftUIGuideBook */ = {
			isa = PBXNativeTarget;
			buildConfigurationList = 3925A29E281D30F0009387CF /* Build configuration list for PBXNativeTarget "SwiftUIGuideBook" */;
			buildPhases = (
				3925A28C281D30F0009387CF /* Sources */,
				3925A28D281D30F0009387CF /* Frameworks */,
				3925A28E281D30F0009387CF /* Resources */,
			);
			buildRules = (
			);
			dependencies = (
			);
			name = SwiftUIGuideBook;
			productName = SwiftUIGuideBook;
			productReference = 3925A290281D30F0009387CF /* SwiftUIGuideBook.app */;
			productType = "com.apple.product-type.application";
		};
/* End PBXNativeTarget section */

/* Begin PBXProject section */
		3925A288281D30EF009387CF /* Project object */ = {
			isa = PBXProject;
			attributes = {
				BuildIndependentTargetsInParallel = 1;
				LastSwiftUpdateCheck = 1330;
				LastUpgradeCheck = 1330;
				TargetAttributes = {
					3925A28F281D30F0009387CF = {
						CreatedOnToolsVersion = 13.3;
					};
				};
			};
			buildConfigurationList = 3925A28B281D30EF009387CF /* Build configuration list for PBXProject "SwiftUIGuideBook" */;
			compatibilityVersion = "Xcode 13.0";
			developmentRegion = en;
			hasScannedForEncodings = 0;
			knownRegions = (
				en,
				Base,
			);
			mainGroup = 3925A287281D30EF009387CF;
			productRefGroup = 3925A291281D30F0009387CF /* Products */;
			projectDirPath = "";
			projectRoot = "";
			targets = (
				3925A28F281D30F0009387CF /* SwiftUIGuideBook */,
			);
		};
/* End PBXProject section */

/* Begin PBXResourcesBuildPhase section */
		3925A28E281D30F0009387CF /* Resources */ = {
			isa = PBXResourcesBuildPhase;
			buildActionMask = 2147483647;
			files = (
				3925A29B281D30F0009387CF /* Preview Assets.xcassets in Resources */,
				3925A298281D30F0009387CF /* Assets.xcassets in Resources */,
			);
			runOnlyForDeploymentPostprocessing = 0;
		};
/* End PBXResourcesBuildPhase section */

/* Begin PBXSourcesBuildPhase section */
		3925A28C281D30F0009387CF /* Sources */ = {
			isa = PBXSourcesBuildPhase;
			buildActionMask = 2147483647;
			files = (
				3925A2A7281D3239009387CF /* TipView.swift in Sources */,
				396500BC281FBA2300220927 /* ComponentData.swift in Sources */,
				3925A296281D30F0009387CF /* ContentView.swift in Sources */,
				3925A294281D30F0009387CF /* SwiftUIGuideBookApp.swift in Sources */,
				3925A2A5281D322F009387CF /* ComponentView.swift in Sources */,
			);
			runOnlyForDeploymentPostprocessing = 0;
		};
/* End PBXSourcesBuildPhase section */

/* Begin XCBuildConfiguration section */
		3925A29C281D30F0009387CF /* Debug */ = {
			isa = XCBuildConfiguration;
			buildSettings = {
				ALWAYS_SEARCH_USER_PATHS = NO;
				CLANG_ANALYZER_NONNULL = YES;
				CLANG_ANALYZER_NUMBER_OBJECT_CONVERSION = YES_AGGRESSIVE;
				CLANG_CXX_LANGUAGE_STANDARD = "gnu++17";
				CLANG_ENABLE_MODULES = YES;
				CLANG_ENABLE_OBJC_ARC = YES;
				CLANG_ENABLE_OBJC_WEAK = YES;
				CLANG_WARN_BLOCK_CAPTURE_AUTORELEASING = YES;
				CLANG_WARN_BOOL_CONVERSION = YES;
				CLANG_WARN_COMMA = YES;
				CLANG_WARN_CONSTANT_CONVERSION = YES;
				CLANG_WARN_DEPRECATED_OBJC_IMPLEMENTATIONS = YES;
				CLANG_WARN_DIRECT_OBJC_ISA_USAGE = YES_ERROR;
				CLANG_WARN_DOCUMENTATION_COMMENTS = YES;
				CLANG_WARN_EMPTY_BODY = YES;
				CLANG_WARN_ENUM_CONVERSION = YES;
				CLANG_WARN_INFINITE_RECURSION = YES;
				CLANG_WARN_INT_CONVERSION = YES;
				CLANG_WARN_NON_LITERAL_NULL_CONVERSION = YES;
				CLANG_WARN_OBJC_IMPLICIT_RETAIN_SELF = YES;
				CLANG_WARN_OBJC_LITERAL_CONVERSION = YES;
				CLANG_WARN_OBJC_ROOT_CLASS = YES_ERROR;
				CLANG_WARN_QUOTED_INCLUDE_IN_FRAMEWORK_HEADER = YES;
				CLANG_WARN_RANGE_LOOP_ANALYSIS = YES;
				CLANG_WARN_STRICT_PROTOTYPES = YES;
				CLANG_WARN_SUSPICIOUS_MOVE = YES;
				CLANG_WARN_UNGUARDED_AVAILABILITY = YES_AGGRESSIVE;
				CLANG_WARN_UNREACHABLE_CODE = YES;
				CLANG_WARN__DUPLICATE_METHOD_MATCH = YES;
				COPY_PHASE_STRIP = NO;
				DEBUG_INFORMATION_FORMAT = dwarf;
				ENABLE_STRICT_OBJC_MSGSEND = YES;
				ENABLE_TESTABILITY = YES;
				GCC_C_LANGUAGE_STANDARD = gnu11;
				GCC_DYNAMIC_NO_PIC = NO;
				GCC_NO_COMMON_BLOCKS = YES;
				GCC_OPTIMIZATION_LEVEL = 0;
				GCC_PREPROCESSOR_DEFINITIONS = (
					"DEBUG=1",
					"$(inherited)",
				);
				GCC_WARN_64_TO_32_BIT_CONVERSION = YES;
				GCC_WARN_ABOUT_RETURN_TYPE = YES_ERROR;
				GCC_WARN_UNDECLARED_SELECTOR = YES;
				GCC_WARN_UNINITIALIZED_AUTOS = YES_AGGRESSIVE;
				GCC_WARN_UNUSED_FUNCTION = YES;
				GCC_WARN_UNUSED_VARIABLE = YES;
				IPHONEOS_DEPLOYMENT_TARGET = 15.4;
				MTL_ENABLE_DEBUG_INFO = INCLUDE_SOURCE;
				MTL_FAST_MATH = YES;
				ONLY_ACTIVE_ARCH = YES;
				SDKROOT = iphoneos;
				SWIFT_ACTIVE_COMPILATION_CONDITIONS = DEBUG;
				SWIFT_OPTIMIZATION_LEVEL = "-Onone";
			};
			name = Debug;
		};
		3925A29D281D30F0009387CF /* Release */ = {
			isa = XCBuildConfiguration;
			buildSettings = {
				ALWAYS_SEARCH_USER_PATHS = NO;
				CLANG_ANALYZER_NONNULL = YES;
				CLANG_ANALYZER_NUMBER_OBJECT_CONVERSION = YES_AGGRESSIVE;
				CLANG_CXX_LANGUAGE_STANDARD = "gnu++17";
				CLANG_ENABLE_MODULES = YES;
				CLANG_ENABLE_OBJC_ARC = YES;
				CLANG_ENABLE_OBJC_WEAK = YES;
				CLANG_WARN_BLOCK_CAPTURE_AUTORELEASING = YES;
				CLANG_WARN_BOOL_CONVERSION = YES;
				CLANG_WARN_COMMA = YES;
				CLANG_WARN_CONSTANT_CONVERSION = YES;
				CLANG_WARN_DEPRECATED_OBJC_IMPLEMENTATIONS = YES;
				CLANG_WARN_DIRECT_OBJC_ISA_USAGE = YES_ERROR;
				CLANG_WARN_DOCUMENTATION_COMMENTS = YES;
				CLANG_WARN_EMPTY_BODY = YES;
				CLANG_WARN_ENUM_CONVERSION = YES;
				CLANG_WARN_INFINITE_RECURSION = YES;
				CLANG_WARN_INT_CONVERSION = YES;
				CLANG_WARN_NON_LITERAL_NULL_CONVERSION = YES;
				CLANG_WARN_OBJC_IMPLICIT_RETAIN_SELF = YES;
				CLANG_WARN_OBJC_LITERAL_CONVERSION = YES;
				CLANG_WARN_OBJC_ROOT_CLASS = YES_ERROR;
				CLANG_WARN_QUOTED_INCLUDE_IN_FRAMEWORK_HEADER = YES;
				CLANG_WARN_RANGE_LOOP_ANALYSIS = YES;
				CLANG_WARN_STRICT_PROTOTYPES = YES;
				CLANG_WARN_SUSPICIOUS_MOVE = YES;
				CLANG_WARN_UNGUARDED_AVAILABILITY = YES_AGGRESSIVE;
				CLANG_WARN_UNREACHABLE_CODE = YES;
				CLANG_WARN__DUPLICATE_METHOD_MATCH = YES;
				COPY_PHASE_STRIP = NO;
				DEBUG_INFORMATION_FORMAT = "dwarf-with-dsym";
				ENABLE_NS_ASSERTIONS = NO;
				ENABLE_STRICT_OBJC_MSGSEND = YES;
				GCC_C_LANGUAGE_STANDARD = gnu11;
				GCC_NO_COMMON_BLOCKS = YES;
				GCC_WARN_64_TO_32_BIT_CONVERSION = YES;
				GCC_WARN_ABOUT_RETURN_TYPE = YES_ERROR;
				GCC_WARN_UNDECLARED_SELECTOR = YES;
				GCC_WARN_UNINITIALIZED_AUTOS = YES_AGGRESSIVE;
				GCC_WARN_UNUSED_FUNCTION = YES;
				GCC_WARN_UNUSED_VARIABLE = YES;
				IPHONEOS_DEPLOYMENT_TARGET = 15.4;
				MTL_ENABLE_DEBUG_INFO = NO;
				MTL_FAST_MATH = YES;
				SDKROOT = iphoneos;
				SWIFT_COMPILATION_MODE = wholemodule;
				SWIFT_OPTIMIZATION_LEVEL = "-O";
				VALIDATE_PRODUCT = YES;
			};
			name = Release;
		};
		3925A29F281D30F0009387CF /* Debug */ = {
			isa = XCBuildConfiguration;
			buildSettings = {
				ASSETCATALOG_COMPILER_APPICON_NAME = AppIcon;
				ASSETCATALOG_COMPILER_GLOBAL_ACCENT_COLOR_NAME = AccentColor;
				CODE_SIGN_STYLE = Automatic;
				CURRENT_PROJECT_VERSION = 1;
				DEVELOPMENT_ASSET_PATHS = "\"SwiftUIGuideBook/Preview Content\"";
				DEVELOPMENT_TEAM = HF8GHZB58X;
				ENABLE_PREVIEWS = YES;
				GENERATE_INFOPLIST_FILE = YES;
				INFOPLIST_KEY_UIApplicationSceneManifest_Generation = YES;
				INFOPLIST_KEY_UIApplicationSupportsIndirectInputEvents = YES;
				INFOPLIST_KEY_UILaunchScreen_Generation = YES;
				INFOPLIST_KEY_UISupportedInterfaceOrientations_iPad = "UIInterfaceOrientationPortrait UIInterfaceOrientationPortraitUpsideDown UIInterfaceOrientationLandscapeLeft UIInterfaceOrientationLandscapeRight";
				INFOPLIST_KEY_UISupportedInterfaceOrientations_iPhone = "UIInterfaceOrientationPortrait UIInterfaceOrientationLandscapeLeft UIInterfaceOrientationLandscapeRight";
				LD_RUNPATH_SEARCH_PATHS = (
					"$(inherited)",
					"@executable_path/Frameworks",
				);
				MARKETING_VERSION = 1.0;
				PRODUCT_BUNDLE_IDENTIFIER = mingwan.SwiftUIGuideBook;
				PRODUCT_NAME = "$(TARGET_NAME)";
				SWIFT_EMIT_LOC_STRINGS = YES;
				SWIFT_VERSION = 5.0;
				TARGETED_DEVICE_FAMILY = "1,2";
			};
			name = Debug;
		};
		3925A2A0281D30F0009387CF /* Release */ = {
			isa = XCBuildConfiguration;
			buildSettings = {
				ASSETCATALOG_COMPILER_APPICON_NAME = AppIcon;
				ASSETCATALOG_COMPILER_GLOBAL_ACCENT_COLOR_NAME = AccentColor;
				CODE_SIGN_STYLE = Automatic;
				CURRENT_PROJECT_VERSION = 1;
				DEVELOPMENT_ASSET_PATHS = "\"SwiftUIGuideBook/Preview Content\"";
				DEVELOPMENT_TEAM = HF8GHZB58X;
				ENABLE_PREVIEWS = YES;
				GENERATE_INFOPLIST_FILE = YES;
				INFOPLIST_KEY_UIApplicationSceneManifest_Generation = YES;
				INFOPLIST_KEY_UIApplicationSupportsIndirectInputEvents = YES;
				INFOPLIST_KEY_UILaunchScreen_Generation = YES;
				INFOPLIST_KEY_UISupportedInterfaceOrientations_iPad = "UIInterfaceOrientationPortrait UIInterfaceOrientationPortraitUpsideDown UIInterfaceOrientationLandscapeLeft UIInterfaceOrientationLandscapeRight";
				INFOPLIST_KEY_UISupportedInterfaceOrientations_iPhone = "UIInterfaceOrientationPortrait UIInterfaceOrientationLandscapeLeft UIInterfaceOrientationLandscapeRight";
				LD_RUNPATH_SEARCH_PATHS = (
					"$(inherited)",
					"@executable_path/Frameworks",
				);
				MARKETING_VERSION = 1.0;
				PRODUCT_BUNDLE_IDENTIFIER = mingwan.SwiftUIGuideBook;
				PRODUCT_NAME = "$(TARGET_NAME)";
				SWIFT_EMIT_LOC_STRINGS = YES;
				SWIFT_VERSION = 5.0;
				TARGETED_DEVICE_FAMILY = "1,2";
			};
			name = Release;
		};
/* End XCBuildConfiguration section */

/* Begin XCConfigurationList section */
		3925A28B281D30EF009387CF /* Build configuration list for PBXProject "SwiftUIGuideBook" */ = {
			isa = XCConfigurationList;
			buildConfigurations = (
				3925A29C281D30F0009387CF /* Debug */,
				3925A29D281D30F0009387CF /* Release */,
			);
			defaultConfigurationIsVisible = 0;
			defaultConfigurationName = Release;
		};
		3925A29E281D30F0009387CF /* Build configuration list for PBXNativeTarget "SwiftUIGuideBook" */ = {
			isa = XCConfigurationList;
			buildConfigurations = (
				3925A29F281D30F0009387CF /* Debug */,
				3925A2A0281D30F0009387CF /* Release */,
			);
			defaultConfigurationIsVisible = 0;
			defaultConfigurationName = Release;
		};
/* End XCConfigurationList section */
	};
	rootObject = 3925A288281D30EF009387CF /* Project object */;
}
